
Microsoft Visual Studio Solution File, Format Version 12.00
# Visual Studio 15
VisualStudioVersion = 15.0.26430.16
MinimumVisualStudioVersion = 10.0.40219.1
Project("{2150E333-8FDC-42A3-9474-1A3956D46DE8}") = "01 AspnetMvc Giris", "01 AspnetMvc Giris", "{11412390-E3C6-4E19-82C2-B448AF86B621}"
EndProject
Project("{FAE04EC0-301F-11D3-BF4B-00C04F79EFBC}") = "MVCGiris", "MVCGiris\MVCGiris.csproj", "{6059B222-D20F-4277-A121-6BBCBA03C438}"
EndProject
Project("{FAE04EC0-301F-11D3-BF4B-00C04F79EFBC}") = "North", "North\North.csproj", "{1B6FFB9B-C017-415B-824E-993C54132D22}"
EndProject
Global
	GlobalSection(SolutionConfigurationPlatforms) = preSolution
		Debug|Any CPU = Debug|Any CPU
		Release|Any CPU = Release|Any CPU
	EndGlobalSection
	GlobalSection(ProjectConfigurationPlatforms) = postSolution
		{6059B222-D20F-4277-A121-6BBCBA03C438}.Debug|Any CPU.ActiveCfg = Debug|Any CPU
		{6059B222-D20F-4277-A121-6BBCBA03C438}.Debug|Any CPU.Build.0 = Debug|Any CPU
		{6059B222-D20F-4277-A121-6BBCBA03C438}.Release|Any CPU.ActiveCfg = Release|Any CPU
		{6059B222-D20F-4277-A121-6BBCBA03C438}.Release|Any CPU.Build.0 = Release|Any CPU
		{1B6FFB9B-C017-415B-824E-993C54132D22}.Debug|Any CPU.ActiveCfg = Debug|Any CPU
		{1B6FFB9B-C017-415B-824E-993C54132D22}.Debug|Any CPU.Build.0 = Debug|Any CPU
		{1B6FFB9B-C017-415B-824E-993C54132D22}.Release|Any CPU.ActiveCfg = Release|Any CPU
		{1B6FFB9B-C017-415B-824E-993C54132D22}.Release|Any CPU.Build.0 = Release|Any CPU
	EndGlobalSection
	GlobalSection(SolutionProperties) = preSolution
		HideSolutionNode = FALSE
	EndGlobalSection
	GlobalSection(NestedProjects) = preSolution
		{6059B222-D20F-4277-A121-6BBCBA03C438} = {11412390-E3C6-4E19-82C2-B448AF86B621}
		{1B6FFB9B-C017-415B-824E-993C54132D22} = {11412390-E3C6-4E19-82C2-B448AF86B621}
	EndGlobalSection
EndGlobal
