
Microsoft Visual Studio Solution File, Format Version 12.00
# Visual Studio 15
VisualStudioVersion = 15.0.26430.16
MinimumVisualStudioVersion = 10.0.40219.1
Project("{2150E333-8FDC-42A3-9474-1A3956D46DE8}") = "01 AspnetMvc Giris", "01 AspnetMvc Giris", "{11412390-E3C6-4E19-82C2-B448AF86B621}"
EndProject
Project("{FAE04EC0-301F-11D3-BF4B-00C04F79EFBC}") = "MVCGiris", "MVCGiris\MVCGiris.csproj", "{6059B222-D20F-4277-A121-6BBCBA03C438}"
EndProject
Project("{FAE04EC0-301F-11D3-BF4B-00C04F79EFBC}") = "North", "North\North.csproj", "{1B6FFB9B-C017-415B-824E-993C54132D22}"
EndProject
Project("{2150E333-8FDC-42A3-9474-1A3956D46DE8}") = "CodeFirst-Template Giydirme", "CodeFirst-Template Giydirme", "{5BFEA3E1-DBAF-425C-ACB8-4D80F432ECBA}"
EndProject
Project("{FAE04EC0-301F-11D3-BF4B-00C04F79EFBC}") = "Yonetim.UI.Web", "Yonetim.UI.Web\Yonetim.UI.Web.csproj", "{D69DCA88-9ABB-4227-88FC-A1DF9EE6B444}"
EndProject
Project("{FAE04EC0-301F-11D3-BF4B-00C04F79EFBC}") = "Yonetim.Model", "Yonetim.Model\Yonetim.Model.csproj", "{89FF09BC-9BAB-4115-B977-71ED72A09287}"
EndProject
Project("{FAE04EC0-301F-11D3-BF4B-00C04F79EFBC}") = "Yonetim.DAL", "Yonetim.DAL\Yonetim.DAL.csproj", "{EB61EB06-0C3C-44B4-ADDD-393BD0D1ED8D}"
EndProject
Project("{FAE04EC0-301F-11D3-BF4B-00C04F79EFBC}") = "Yonetim.BLL", "Yonetim.BLL\Yonetim.BLL.csproj", "{36E3C139-11A1-4F25-B421-9CBA221325BB}"
EndProject
Project("{FAE04EC0-301F-11D3-BF4B-00C04F79EFBC}") = "Yonetim.AdminTema", "Yonetim.AdminTema\Yonetim.AdminTema.csproj", "{C85BA198-D9FF-4442-AEDB-F8B5400626A9}"
EndProject
Global
	GlobalSection(SolutionConfigurationPlatforms) = preSolution
		Debug|Any CPU = Debug|Any CPU
		Release|Any CPU = Release|Any CPU
	EndGlobalSection
	GlobalSection(ProjectConfigurationPlatforms) = postSolution
		{6059B222-D20F-4277-A121-6BBCBA03C438}.Debug|Any CPU.ActiveCfg = Debug|Any CPU
		{6059B222-D20F-4277-A121-6BBCBA03C438}.Debug|Any CPU.Build.0 = Debug|Any CPU
		{6059B222-D20F-4277-A121-6BBCBA03C438}.Release|Any CPU.ActiveCfg = Release|Any CPU
		{6059B222-D20F-4277-A121-6BBCBA03C438}.Release|Any CPU.Build.0 = Release|Any CPU
		{1B6FFB9B-C017-415B-824E-993C54132D22}.Debug|Any CPU.ActiveCfg = Debug|Any CPU
		{1B6FFB9B-C017-415B-824E-993C54132D22}.Debug|Any CPU.Build.0 = Debug|Any CPU
		{1B6FFB9B-C017-415B-824E-993C54132D22}.Release|Any CPU.ActiveCfg = Release|Any CPU
		{1B6FFB9B-C017-415B-824E-993C54132D22}.Release|Any CPU.Build.0 = Release|Any CPU
		{D69DCA88-9ABB-4227-88FC-A1DF9EE6B444}.Debug|Any CPU.ActiveCfg = Debug|Any CPU
		{D69DCA88-9ABB-4227-88FC-A1DF9EE6B444}.Debug|Any CPU.Build.0 = Debug|Any CPU
		{D69DCA88-9ABB-4227-88FC-A1DF9EE6B444}.Release|Any CPU.ActiveCfg = Release|Any CPU
		{D69DCA88-9ABB-4227-88FC-A1DF9EE6B444}.Release|Any CPU.Build.0 = Release|Any CPU
		{89FF09BC-9BAB-4115-B977-71ED72A09287}.Debug|Any CPU.ActiveCfg = Debug|Any CPU
		{89FF09BC-9BAB-4115-B977-71ED72A09287}.Debug|Any CPU.Build.0 = Debug|Any CPU
		{89FF09BC-9BAB-4115-B977-71ED72A09287}.Release|Any CPU.ActiveCfg = Release|Any CPU
		{89FF09BC-9BAB-4115-B977-71ED72A09287}.Release|Any CPU.Build.0 = Release|Any CPU
		{EB61EB06-0C3C-44B4-ADDD-393BD0D1ED8D}.Debug|Any CPU.ActiveCfg = Debug|Any CPU
		{EB61EB06-0C3C-44B4-ADDD-393BD0D1ED8D}.Debug|Any CPU.Build.0 = Debug|Any CPU
		{EB61EB06-0C3C-44B4-ADDD-393BD0D1ED8D}.Release|Any CPU.ActiveCfg = Release|Any CPU
		{EB61EB06-0C3C-44B4-ADDD-393BD0D1ED8D}.Release|Any CPU.Build.0 = Release|Any CPU
		{36E3C139-11A1-4F25-B421-9CBA221325BB}.Debug|Any CPU.ActiveCfg = Debug|Any CPU
		{36E3C139-11A1-4F25-B421-9CBA221325BB}.Debug|Any CPU.Build.0 = Debug|Any CPU
		{36E3C139-11A1-4F25-B421-9CBA221325BB}.Release|Any CPU.ActiveCfg = Release|Any CPU
		{36E3C139-11A1-4F25-B421-9CBA221325BB}.Release|Any CPU.Build.0 = Release|Any CPU
		{C85BA198-D9FF-4442-AEDB-F8B5400626A9}.Debug|Any CPU.ActiveCfg = Debug|Any CPU
		{C85BA198-D9FF-4442-AEDB-F8B5400626A9}.Debug|Any CPU.Build.0 = Debug|Any CPU
		{C85BA198-D9FF-4442-AEDB-F8B5400626A9}.Release|Any CPU.ActiveCfg = Release|Any CPU
		{C85BA198-D9FF-4442-AEDB-F8B5400626A9}.Release|Any CPU.Build.0 = Release|Any CPU
	EndGlobalSection
	GlobalSection(SolutionProperties) = preSolution
		HideSolutionNode = FALSE
	EndGlobalSection
	GlobalSection(NestedProjects) = preSolution
		{6059B222-D20F-4277-A121-6BBCBA03C438} = {11412390-E3C6-4E19-82C2-B448AF86B621}
		{1B6FFB9B-C017-415B-824E-993C54132D22} = {11412390-E3C6-4E19-82C2-B448AF86B621}
		{D69DCA88-9ABB-4227-88FC-A1DF9EE6B444} = {5BFEA3E1-DBAF-425C-ACB8-4D80F432ECBA}
		{89FF09BC-9BAB-4115-B977-71ED72A09287} = {5BFEA3E1-DBAF-425C-ACB8-4D80F432ECBA}
		{EB61EB06-0C3C-44B4-ADDD-393BD0D1ED8D} = {5BFEA3E1-DBAF-425C-ACB8-4D80F432ECBA}
		{36E3C139-11A1-4F25-B421-9CBA221325BB} = {5BFEA3E1-DBAF-425C-ACB8-4D80F432ECBA}
		{C85BA198-D9FF-4442-AEDB-F8B5400626A9} = {5BFEA3E1-DBAF-425C-ACB8-4D80F432ECBA}
	EndGlobalSection
EndGlobal
